// !$*UTF8*$!
{
	archiveVersion = 1;
	classes = {
	};
	objectVersion = 50;
	objects = {

/* Begin PBXBuildFile section */
		A9DD72E3241FF3BC00B25101 /* AppDelegate.swift in Sources */ = {isa = PBXBuildFile; fileRef = A9DD72E2241FF3BC00B25101 /* AppDelegate.swift */; };
		A9DD72E5241FF3BC00B25101 /* SceneDelegate.swift in Sources */ = {isa = PBXBuildFile; fileRef = A9DD72E4241FF3BC00B25101 /* SceneDelegate.swift */; };
		A9DD72E7241FF3BC00B25101 /* ViewController.swift in Sources */ = {isa = PBXBuildFile; fileRef = A9DD72E6241FF3BC00B25101 /* ViewController.swift */; };
		A9DD72EA241FF3BC00B25101 /* Main.storyboard in Resources */ = {isa = PBXBuildFile; fileRef = A9DD72E8241FF3BC00B25101 /* Main.storyboard */; };
		A9DD72EC241FF3BE00B25101 /* Assets.xcassets in Resources */ = {isa = PBXBuildFile; fileRef = A9DD72EB241FF3BE00B25101 /* Assets.xcassets */; };
		A9DD72EF241FF3BE00B25101 /* LaunchScreen.storyboard in Resources */ = {isa = PBXBuildFile; fileRef = A9DD72ED241FF3BE00B25101 /* LaunchScreen.storyboard */; };
		A9DD72FA241FF3BE00B25101 /* sampleCITests.swift in Sources */ = {isa = PBXBuildFile; fileRef = A9DD72F9241FF3BE00B25101 /* sampleCITests.swift */; };
		A9DD7305241FF3BE00B25101 /* sampleCIUITests.swift in Sources */ = {isa = PBXBuildFile; fileRef = A9DD7304241FF3BE00B25101 /* sampleCIUITests.swift */; };
/* End PBXBuildFile section */

/* Begin PBXContainerItemProxy section */
		A9DD72F6241FF3BE00B25101 /* PBXContainerItemProxy */ = {
			isa = PBXContainerItemProxy;
			containerPortal = A9DD72D7241FF3BC00B25101 /* Project object */;
			proxyType = 1;
			remoteGlobalIDString = A9DD72DE241FF3BC00B25101;
			remoteInfo = sampleCI;
		};
		A9DD7301241FF3BE00B25101 /* PBXContainerItemProxy */ = {
			isa = PBXContainerItemProxy;
			containerPortal = A9DD72D7241FF3BC00B25101 /* Project object */;
			proxyType = 1;
			remoteGlobalIDString = A9DD72DE241FF3BC00B25101;
			remoteInfo = sampleCI;
		};
/* End PBXContainerItemProxy section */

/* Begin PBXFileReference section */
		A9DD72DF241FF3BC00B25101 /* sampleCI.app */ = {isa = PBXFileReference; explicitFileType = wrapper.application; includeInIndex = 0; path = sampleCI.app; sourceTree = BUILT_PRODUCTS_DIR; };
		A9DD72E2241FF3BC00B25101 /* AppDelegate.swift */ = {isa = PBXFileReference; lastKnownFileType = sourcecode.swift; path = AppDelegate.swift; sourceTree = "<group>"; };
		A9DD72E4241FF3BC00B25101 /* SceneDelegate.swift */ = {isa = PBXFileReference; lastKnownFileType = sourcecode.swift; path = SceneDelegate.swift; sourceTree = "<group>"; };
		A9DD72E6241FF3BC00B25101 /* ViewController.swift */ = {isa = PBXFileReference; lastKnownFileType = sourcecode.swift; path = ViewController.swift; sourceTree = "<group>"; };
		A9DD72E9241FF3BC00B25101 /* Base */ = {isa = PBXFileReference; lastKnownFileType = file.storyboard; name = Base; path = Base.lproj/Main.storyboard; sourceTree = "<group>"; };
		A9DD72EB241FF3BE00B25101 /* Assets.xcassets */ = {isa = PBXFileReference; lastKnownFileType = folder.assetcatalog; path = Assets.xcassets; sourceTree = "<group>"; };
		A9DD72EE241FF3BE00B25101 /* Base */ = {isa = PBXFileReference; lastKnownFileType = file.storyboard; name = Base; path = Base.lproj/LaunchScreen.storyboard; sourceTree = "<group>"; };
		A9DD72F0241FF3BE00B25101 /* Info.plist */ = {isa = PBXFileReference; lastKnownFileType = text.plist.xml; path = Info.plist; sourceTree = "<group>"; };
		A9DD72F5241FF3BE00B25101 /* sampleCITests.xctest */ = {isa = PBXFileReference; explicitFileType = wrapper.cfbundle; includeInIndex = 0; path = sampleCITests.xctest; sourceTree = BUILT_PRODUCTS_DIR; };
		A9DD72F9241FF3BE00B25101 /* sampleCITests.swift */ = {isa = PBXFileReference; lastKnownFileType = sourcecode.swift; path = sampleCITests.swift; sourceTree = "<group>"; };
		A9DD72FB241FF3BE00B25101 /* Info.plist */ = {isa = PBXFileReference; lastKnownFileType = text.plist.xml; path = Info.plist; sourceTree = "<group>"; };
		A9DD7300241FF3BE00B25101 /* sampleCIUITests.xctest */ = {isa = PBXFileReference; explicitFileType = wrapper.cfbundle; includeInIndex = 0; path = sampleCIUITests.xctest; sourceTree = BUILT_PRODUCTS_DIR; };
		A9DD7304241FF3BE00B25101 /* sampleCIUITests.swift */ = {isa = PBXFileReference; lastKnownFileType = sourcecode.swift; path = sampleCIUITests.swift; sourceTree = "<group>"; };
		A9DD7306241FF3BE00B25101 /* Info.plist */ = {isa = PBXFileReference; lastKnownFileType = text.plist.xml; path = Info.plist; sourceTree = "<group>"; };
/* End PBXFileReference section */

/* Begin PBXFrameworksBuildPhase section */
		A9DD72DC241FF3BC00B25101 /* Frameworks */ = {
			isa = PBXFrameworksBuildPhase;
			buildActionMask = 2147483647;
			files = (
			);
			runOnlyForDeploymentPostprocessing = 0;
		};
		A9DD72F2241FF3BE00B25101 /* Frameworks */ = {
			isa = PBXFrameworksBuildPhase;
			buildActionMask = 2147483647;
			files = (
			);
			runOnlyForDeploymentPostprocessing = 0;
		};
		A9DD72FD241FF3BE00B25101 /* Frameworks */ = {
			isa = PBXFrameworksBuildPhase;
			buildActionMask = 2147483647;
			files = (
			);
			runOnlyForDeploymentPostprocessing = 0;
		};
/* End PBXFrameworksBuildPhase section */

/* Begin PBXGroup section */
		A9DD72D6241FF3BC00B25101 = {
			isa = PBXGroup;
			children = (
				A9DD72E1241FF3BC00B25101 /* sampleCI */,
				A9DD72F8241FF3BE00B25101 /* sampleCITests */,
				A9DD7303241FF3BE00B25101 /* sampleCIUITests */,
				A9DD72E0241FF3BC00B25101 /* Products */,
			);
			sourceTree = "<group>";
		};
		A9DD72E0241FF3BC00B25101 /* Products */ = {
			isa = PBXGroup;
			children = (
				A9DD72DF241FF3BC00B25101 /* sampleCI.app */,
				A9DD72F5241FF3BE00B25101 /* sampleCITests.xctest */,
				A9DD7300241FF3BE00B25101 /* sampleCIUITests.xctest */,
			);
			name = Products;
			sourceTree = "<group>";
		};
		A9DD72E1241FF3BC00B25101 /* sampleCI */ = {
			isa = PBXGroup;
			children = (
				A9DD72E2241FF3BC00B25101 /* AppDelegate.swift */,
				A9DD72E4241FF3BC00B25101 /* SceneDelegate.swift */,
				A9DD72E6241FF3BC00B25101 /* ViewController.swift */,
				A9DD72E8241FF3BC00B25101 /* Main.storyboard */,
				A9DD72EB241FF3BE00B25101 /* Assets.xcassets */,
				A9DD72ED241FF3BE00B25101 /* LaunchScreen.storyboard */,
				A9DD72F0241FF3BE00B25101 /* Info.plist */,
			);
			path = sampleCI;
			sourceTree = "<group>";
		};
		A9DD72F8241FF3BE00B25101 /* sampleCITests */ = {
			isa = PBXGroup;
			children = (
				A9DD72F9241FF3BE00B25101 /* sampleCITests.swift */,
				A9DD72FB241FF3BE00B25101 /* Info.plist */,
			);
			path = sampleCITests;
			sourceTree = "<group>";
		};
		A9DD7303241FF3BE00B25101 /* sampleCIUITests */ = {
			isa = PBXGroup;
			children = (
				A9DD7304241FF3BE00B25101 /* sampleCIUITests.swift */,
				A9DD7306241FF3BE00B25101 /* Info.plist */,
			);
			path = sampleCIUITests;
			sourceTree = "<group>";
		};
/* End PBXGroup section */

/* Begin PBXNativeTarget section */
		A9DD72DE241FF3BC00B25101 /* sampleCI */ = {
			isa = PBXNativeTarget;
			buildConfigurationList = A9DD7309241FF3BE00B25101 /* Build configuration list for PBXNativeTarget "sampleCI" */;
			buildPhases = (
				A9DD72DB241FF3BC00B25101 /* Sources */,
				A9DD72DC241FF3BC00B25101 /* Frameworks */,
				A9DD72DD241FF3BC00B25101 /* Resources */,
			);
			buildRules = (
			);
			dependencies = (
			);
			name = sampleCI;
			productName = sampleCI;
			productReference = A9DD72DF241FF3BC00B25101 /* sampleCI.app */;
			productType = "com.apple.product-type.application";
		};
		A9DD72F4241FF3BE00B25101 /* sampleCITests */ = {
			isa = PBXNativeTarget;
			buildConfigurationList = A9DD730C241FF3BE00B25101 /* Build configuration list for PBXNativeTarget "sampleCITests" */;
			buildPhases = (
				A9DD72F1241FF3BE00B25101 /* Sources */,
				A9DD72F2241FF3BE00B25101 /* Frameworks */,
				A9DD72F3241FF3BE00B25101 /* Resources */,
			);
			buildRules = (
			);
			dependencies = (
				A9DD72F7241FF3BE00B25101 /* PBXTargetDependency */,
			);
			name = sampleCITests;
			productName = sampleCITests;
			productReference = A9DD72F5241FF3BE00B25101 /* sampleCITests.xctest */;
			productType = "com.apple.product-type.bundle.unit-test";
		};
		A9DD72FF241FF3BE00B25101 /* sampleCIUITests */ = {
			isa = PBXNativeTarget;
			buildConfigurationList = A9DD730F241FF3BE00B25101 /* Build configuration list for PBXNativeTarget "sampleCIUITests" */;
			buildPhases = (
				A9DD72FC241FF3BE00B25101 /* Sources */,
				A9DD72FD241FF3BE00B25101 /* Frameworks */,
				A9DD72FE241FF3BE00B25101 /* Resources */,
			);
			buildRules = (
			);
			dependencies = (
				A9DD7302241FF3BE00B25101 /* PBXTargetDependency */,
			);
			name = sampleCIUITests;
			productName = sampleCIUITests;
			productReference = A9DD7300241FF3BE00B25101 /* sampleCIUITests.xctest */;
			productType = "com.apple.product-type.bundle.ui-testing";
		};
/* End PBXNativeTarget section */

/* Begin PBXProject section */
		A9DD72D7241FF3BC00B25101 /* Project object */ = {
			isa = PBXProject;
			attributes = {
				LastSwiftUpdateCheck = 1130;
				LastUpgradeCheck = 1130;
				ORGANIZATIONNAME = "Guilherme Leite Colares";
				TargetAttributes = {
					A9DD72DE241FF3BC00B25101 = {
						CreatedOnToolsVersion = 11.3.1;
					};
					A9DD72F4241FF3BE00B25101 = {
						CreatedOnToolsVersion = 11.3.1;
						TestTargetID = A9DD72DE241FF3BC00B25101;
					};
					A9DD72FF241FF3BE00B25101 = {
						CreatedOnToolsVersion = 11.3.1;
						TestTargetID = A9DD72DE241FF3BC00B25101;
					};
				};
			};
			buildConfigurationList = A9DD72DA241FF3BC00B25101 /* Build configuration list for PBXProject "sampleCI" */;
			compatibilityVersion = "Xcode 9.3";
			developmentRegion = en;
			hasScannedForEncodings = 0;
			knownRegions = (
				en,
				Base,
			);
			mainGroup = A9DD72D6241FF3BC00B25101;
			productRefGroup = A9DD72E0241FF3BC00B25101 /* Products */;
			projectDirPath = "";
			projectRoot = "";
			targets = (
				A9DD72DE241FF3BC00B25101 /* sampleCI */,
				A9DD72F4241FF3BE00B25101 /* sampleCITests */,
				A9DD72FF241FF3BE00B25101 /* sampleCIUITests */,
			);
		};
/* End PBXProject section */

/* Begin PBXResourcesBuildPhase section */
		A9DD72DD241FF3BC00B25101 /* Resources */ = {
			isa = PBXResourcesBuildPhase;
			buildActionMask = 2147483647;
			files = (
				A9DD72EF241FF3BE00B25101 /* LaunchScreen.storyboard in Resources */,
				A9DD72EC241FF3BE00B25101 /* Assets.xcassets in Resources */,
				A9DD72EA241FF3BC00B25101 /* Main.storyboard in Resources */,
			);
			runOnlyForDeploymentPostprocessing = 0;
		};
		A9DD72F3241FF3BE00B25101 /* Resources */ = {
			isa = PBXResourcesBuildPhase;
			buildActionMask = 2147483647;
			files = (
			);
			runOnlyForDeploymentPostprocessing = 0;
		};
		A9DD72FE241FF3BE00B25101 /* Resources */ = {
			isa = PBXResourcesBuildPhase;
			buildActionMask = 2147483647;
			files = (
			);
			runOnlyForDeploymentPostprocessing = 0;
		};
/* End PBXResourcesBuildPhase section */

/* Begin PBXSourcesBuildPhase section */
		A9DD72DB241FF3BC00B25101 /* Sources */ = {
			isa = PBXSourcesBuildPhase;
			buildActionMask = 2147483647;
			files = (
				A9DD72E7241FF3BC00B25101 /* ViewController.swift in Sources */,
				A9DD72E3241FF3BC00B25101 /* AppDelegate.swift in Sources */,
				A9DD72E5241FF3BC00B25101 /* SceneDelegate.swift in Sources */,
			);
			runOnlyForDeploymentPostprocessing = 0;
		};
		A9DD72F1241FF3BE00B25101 /* Sources */ = {
			isa = PBXSourcesBuildPhase;
			buildActionMask = 2147483647;
			files = (
				A9DD72FA241FF3BE00B25101 /* sampleCITests.swift in Sources */,
			);
			runOnlyForDeploymentPostprocessing = 0;
		};
		A9DD72FC241FF3BE00B25101 /* Sources */ = {
			isa = PBXSourcesBuildPhase;
			buildActionMask = 2147483647;
			files = (
				A9DD7305241FF3BE00B25101 /* sampleCIUITests.swift in Sources */,
			);
			runOnlyForDeploymentPostprocessing = 0;
		};
/* End PBXSourcesBuildPhase section */

/* Begin PBXTargetDependency section */
		A9DD72F7241FF3BE00B25101 /* PBXTargetDependency */ = {
			isa = PBXTargetDependency;
			target = A9DD72DE241FF3BC00B25101 /* sampleCI */;
			targetProxy = A9DD72F6241FF3BE00B25101 /* PBXContainerItemProxy */;
		};
		A9DD7302241FF3BE00B25101 /* PBXTargetDependency */ = {
			isa = PBXTargetDependency;
			target = A9DD72DE241FF3BC00B25101 /* sampleCI */;
			targetProxy = A9DD7301241FF3BE00B25101 /* PBXContainerItemProxy */;
		};
/* End PBXTargetDependency section */

/* Begin PBXVariantGroup section */
		A9DD72E8241FF3BC00B25101 /* Main.storyboard */ = {
			isa = PBXVariantGroup;
			children = (
				A9DD72E9241FF3BC00B25101 /* Base */,
			);
			name = Main.storyboard;
			sourceTree = "<group>";
		};
		A9DD72ED241FF3BE00B25101 /* LaunchScreen.storyboard */ = {
			isa = PBXVariantGroup;
			children = (
				A9DD72EE241FF3BE00B25101 /* Base */,
			);
			name = LaunchScreen.storyboard;
			sourceTree = "<group>";
		};
/* End PBXVariantGroup section */

/* Begin XCBuildConfiguration section */
		A9DD7307241FF3BE00B25101 /* Debug */ = {
			isa = XCBuildConfiguration;
			buildSettings = {
				ALWAYS_SEARCH_USER_PATHS = NO;
				CLANG_ANALYZER_NONNULL = YES;
				CLANG_ANALYZER_NUMBER_OBJECT_CONVERSION = YES_AGGRESSIVE;
				CLANG_CXX_LANGUAGE_STANDARD = "gnu++14";
				CLANG_CXX_LIBRARY = "libc++";
				CLANG_ENABLE_MODULES = YES;
				CLANG_ENABLE_OBJC_ARC = YES;
				CLANG_ENABLE_OBJC_WEAK = YES;
				CLANG_WARN_BLOCK_CAPTURE_AUTORELEASING = YES;
				CLANG_WARN_BOOL_CONVERSION = YES;
				CLANG_WARN_COMMA = YES;
				CLANG_WARN_CONSTANT_CONVERSION = YES;
				CLANG_WARN_DEPRECATED_OBJC_IMPLEMENTATIONS = YES;
				CLANG_WARN_DIRECT_OBJC_ISA_USAGE = YES_ERROR;
				CLANG_WARN_DOCUMENTATION_COMMENTS = YES;
				CLANG_WARN_EMPTY_BODY = YES;
				CLANG_WARN_ENUM_CONVERSION = YES;
				CLANG_WARN_INFINITE_RECURSION = YES;
				CLANG_WARN_INT_CONVERSION = YES;
				CLANG_WARN_NON_LITERAL_NULL_CONVERSION = YES;
				CLANG_WARN_OBJC_IMPLICIT_RETAIN_SELF = YES;
				CLANG_WARN_OBJC_LITERAL_CONVERSION = YES;
				CLANG_WARN_OBJC_ROOT_CLASS = YES_ERROR;
				CLANG_WARN_RANGE_LOOP_ANALYSIS = YES;
				CLANG_WARN_STRICT_PROTOTYPES = YES;
				CLANG_WARN_SUSPICIOUS_MOVE = YES;
				CLANG_WARN_UNGUARDED_AVAILABILITY = YES_AGGRESSIVE;
				CLANG_WARN_UNREACHABLE_CODE = YES;
				CLANG_WARN__DUPLICATE_METHOD_MATCH = YES;
				COPY_PHASE_STRIP = NO;
				DEBUG_INFORMATION_FORMAT = dwarf;
				ENABLE_STRICT_OBJC_MSGSEND = YES;
				ENABLE_TESTABILITY = YES;
				GCC_C_LANGUAGE_STANDARD = gnu11;
				GCC_DYNAMIC_NO_PIC = NO;
				GCC_NO_COMMON_BLOCKS = YES;
				GCC_OPTIMIZATION_LEVEL = 0;
				GCC_PREPROCESSOR_DEFINITIONS = (
					"DEBUG=1",
					"$(inherited)",
				);
				GCC_WARN_64_TO_32_BIT_CONVERSION = YES;
				GCC_WARN_ABOUT_RETURN_TYPE = YES_ERROR;
				GCC_WARN_UNDECLARED_SELECTOR = YES;
				GCC_WARN_UNINITIALIZED_AUTOS = YES_AGGRESSIVE;
				GCC_WARN_UNUSED_FUNCTION = YES;
				GCC_WARN_UNUSED_VARIABLE = YES;
				IPHONEOS_DEPLOYMENT_TARGET = 13.2;
				MTL_ENABLE_DEBUG_INFO = INCLUDE_SOURCE;
				MTL_FAST_MATH = YES;
				ONLY_ACTIVE_ARCH = YES;
				SDKROOT = iphoneos;
				SWIFT_ACTIVE_COMPILATION_CONDITIONS = DEBUG;
				SWIFT_OPTIMIZATION_LEVEL = "-Onone";
			};
			name = Debug;
		};
		A9DD7308241FF3BE00B25101 /* Release */ = {
			isa = XCBuildConfiguration;
			buildSettings = {
				ALWAYS_SEARCH_USER_PATHS = NO;
				CLANG_ANALYZER_NONNULL = YES;
				CLANG_ANALYZER_NUMBER_OBJECT_CONVERSION = YES_AGGRESSIVE;
				CLANG_CXX_LANGUAGE_STANDARD = "gnu++14";
				CLANG_CXX_LIBRARY = "libc++";
				CLANG_ENABLE_MODULES = YES;
				CLANG_ENABLE_OBJC_ARC = YES;
				CLANG_ENABLE_OBJC_WEAK = YES;
				CLANG_WARN_BLOCK_CAPTURE_AUTORELEASING = YES;
				CLANG_WARN_BOOL_CONVERSION = YES;
				CLANG_WARN_COMMA = YES;
				CLANG_WARN_CONSTANT_CONVERSION = YES;
				CLANG_WARN_DEPRECATED_OBJC_IMPLEMENTATIONS = YES;
				CLANG_WARN_DIRECT_OBJC_ISA_USAGE = YES_ERROR;
				CLANG_WARN_DOCUMENTATION_COMMENTS = YES;
				CLANG_WARN_EMPTY_BODY = YES;
				CLANG_WARN_ENUM_CONVERSION = YES;
				CLANG_WARN_INFINITE_RECURSION = YES;
				CLANG_WARN_INT_CONVERSION = YES;
				CLANG_WARN_NON_LITERAL_NULL_CONVERSION = YES;
				CLANG_WARN_OBJC_IMPLICIT_RETAIN_SELF = YES;
				CLANG_WARN_OBJC_LITERAL_CONVERSION = YES;
				CLANG_WARN_OBJC_ROOT_CLASS = YES_ERROR;
				CLANG_WARN_RANGE_LOOP_ANALYSIS = YES;
				CLANG_WARN_STRICT_PROTOTYPES = YES;
				CLANG_WARN_SUSPICIOUS_MOVE = YES;
				CLANG_WARN_UNGUARDED_AVAILABILITY = YES_AGGRESSIVE;
				CLANG_WARN_UNREACHABLE_CODE = YES;
				CLANG_WARN__DUPLICATE_METHOD_MATCH = YES;
				COPY_PHASE_STRIP = NO;
				DEBUG_INFORMATION_FORMAT = "dwarf-with-dsym";
				ENABLE_NS_ASSERTIONS = NO;
				ENABLE_STRICT_OBJC_MSGSEND = YES;
				GCC_C_LANGUAGE_STANDARD = gnu11;
				GCC_NO_COMMON_BLOCKS = YES;
				GCC_WARN_64_TO_32_BIT_CONVERSION = YES;
				GCC_WARN_ABOUT_RETURN_TYPE = YES_ERROR;
				GCC_WARN_UNDECLARED_SELECTOR = YES;
				GCC_WARN_UNINITIALIZED_AUTOS = YES_AGGRESSIVE;
				GCC_WARN_UNUSED_FUNCTION = YES;
				GCC_WARN_UNUSED_VARIABLE = YES;
				IPHONEOS_DEPLOYMENT_TARGET = 13.2;
				MTL_ENABLE_DEBUG_INFO = NO;
				MTL_FAST_MATH = YES;
				SDKROOT = iphoneos;
				SWIFT_COMPILATION_MODE = wholemodule;
				SWIFT_OPTIMIZATION_LEVEL = "-O";
				VALIDATE_PRODUCT = YES;
			};
			name = Release;
		};
		A9DD730A241FF3BE00B25101 /* Debug */ = {
			isa = XCBuildConfiguration;
			buildSettings = {
				ASSETCATALOG_COMPILER_APPICON_NAME = AppIcon;
				CODE_SIGN_STYLE = Automatic;
				DEVELOPMENT_TEAM = 9A3UF3N599;
				INFOPLIST_FILE = sampleCI/Info.plist;
				LD_RUNPATH_SEARCH_PATHS = (
					"$(inherited)",
					"@executable_path/Frameworks",
				);
				PRODUCT_BUNDLE_IDENTIFIER = br.com.guicolares.sampleCI;
				PRODUCT_NAME = "$(TARGET_NAME)";
				SWIFT_VERSION = 5.0;
				TARGETED_DEVICE_FAMILY = "1,2";
			};
			name = Debug;
		};
		A9DD730B241FF3BE00B25101 /* Release */ = {
			isa = XCBuildConfiguration;
			buildSettings = {
				ASSETCATALOG_COMPILER_APPICON_NAME = AppIcon;
				CODE_SIGN_STYLE = Automatic;
				DEVELOPMENT_TEAM = 9A3UF3N599;
				INFOPLIST_FILE = sampleCI/Info.plist;
				LD_RUNPATH_SEARCH_PATHS = (
					"$(inherited)",
					"@executable_path/Frameworks",
				);
				PRODUCT_BUNDLE_IDENTIFIER = br.com.guicolares.sampleCI;
				PRODUCT_NAME = "$(TARGET_NAME)";
				SWIFT_VERSION = 5.0;
				TARGETED_DEVICE_FAMILY = "1,2";
			};
			name = Release;
		};
		A9DD730D241FF3BE00B25101 /* Debug */ = {
			isa = XCBuildConfiguration;
			buildSettings = {
				ALWAYS_EMBED_SWIFT_STANDARD_LIBRARIES = YES;
				BUNDLE_LOADER = "$(TEST_HOST)";
				CODE_SIGN_STYLE = Automatic;
				DEVELOPMENT_TEAM = 9A3UF3N599;
				INFOPLIST_FILE = sampleCITests/Info.plist;
				IPHONEOS_DEPLOYMENT_TARGET = 13.2;
				LD_RUNPATH_SEARCH_PATHS = (
					"$(inherited)",
					"@executable_path/Frameworks",
					"@loader_path/Frameworks",
				);
				PRODUCT_BUNDLE_IDENTIFIER = br.com.guicolares.sampleCITests;
				PRODUCT_NAME = "$(TARGET_NAME)";
				SWIFT_VERSION = 5.0;
				TARGETED_DEVICE_FAMILY = "1,2";
				TEST_HOST = "$(BUILT_PRODUCTS_DIR)/sampleCI.app/sampleCI";
			};
			name = Debug;
		};
		A9DD730E241FF3BE00B25101 /* Release */ = {
			isa = XCBuildConfiguration;
			buildSettings = {
				ALWAYS_EMBED_SWIFT_STANDARD_LIBRARIES = YES;
				BUNDLE_LOADER = "$(TEST_HOST)";
				CODE_SIGN_STYLE = Automatic;
				DEVELOPMENT_TEAM = 9A3UF3N599;
				INFOPLIST_FILE = sampleCITests/Info.plist;
				IPHONEOS_DEPLOYMENT_TARGET = 13.2;
				LD_RUNPATH_SEARCH_PATHS = (
					"$(inherited)",
					"@executable_path/Frameworks",
					"@loader_path/Frameworks",
				);
				PRODUCT_BUNDLE_IDENTIFIER = br.com.guicolares.sampleCITests;
				PRODUCT_NAME = "$(TARGET_NAME)";
				SWIFT_VERSION = 5.0;
				TARGETED_DEVICE_FAMILY = "1,2";
				TEST_HOST = "$(BUILT_PRODUCTS_DIR)/sampleCI.app/sampleCI";
			};
			name = Release;
		};
		A9DD7310241FF3BE00B25101 /* Debug */ = {
			isa = XCBuildConfiguration;
			buildSettings = {
				ALWAYS_EMBED_SWIFT_STANDARD_LIBRARIES = YES;
				CODE_SIGN_STYLE = Automatic;
				DEVELOPMENT_TEAM = 9A3UF3N599;
				INFOPLIST_FILE = sampleCIUITests/Info.plist;
				LD_RUNPATH_SEARCH_PATHS = (
					"$(inherited)",
					"@executable_path/Frameworks",
					"@loader_path/Frameworks",
				);
				PRODUCT_BUNDLE_IDENTIFIER = br.com.guicolares.sampleCIUITests;
				PRODUCT_NAME = "$(TARGET_NAME)";
				SWIFT_VERSION = 5.0;
				TARGETED_DEVICE_FAMILY = "1,2";
				TEST_TARGET_NAME = sampleCI;
			};
			name = Debug;
		};
		A9DD7311241FF3BE00B25101 /* Release */ = {
			isa = XCBuildConfiguration;
			buildSettings = {
				ALWAYS_EMBED_SWIFT_STANDARD_LIBRARIES = YES;
				CODE_SIGN_STYLE = Automatic;
				DEVELOPMENT_TEAM = 9A3UF3N599;
				INFOPLIST_FILE = sampleCIUITests/Info.plist;
				LD_RUNPATH_SEARCH_PATHS = (
					"$(inherited)",
					"@executable_path/Frameworks",
					"@loader_path/Frameworks",
				);
				PRODUCT_BUNDLE_IDENTIFIER = br.com.guicolares.sampleCIUITests;
				PRODUCT_NAME = "$(TARGET_NAME)";
				SWIFT_VERSION = 5.0;
				TARGETED_DEVICE_FAMILY = "1,2";
				TEST_TARGET_NAME = sampleCI;
			};
			name = Release;
		};
/* End XCBuildConfiguration section */

/* Begin XCConfigurationList section */
		A9DD72DA241FF3BC00B25101 /* Build configuration list for PBXProject "sampleCI" */ = {
			isa = XCConfigurationList;
			buildConfigurations = (
				A9DD7307241FF3BE00B25101 /* Debug */,
				A9DD7308241FF3BE00B25101 /* Release */,
			);
			defaultConfigurationIsVisible = 0;
			defaultConfigurationName = Release;
		};
		A9DD7309241FF3BE00B25101 /* Build configuration list for PBXNativeTarget "sampleCI" */ = {
			isa = XCConfigurationList;
			buildConfigurations = (
				A9DD730A241FF3BE00B25101 /* Debug */,
				A9DD730B241FF3BE00B25101 /* Release */,
			);
			defaultConfigurationIsVisible = 0;
			defaultConfigurationName = Release;
		};
		A9DD730C241FF3BE00B25101 /* Build configuration list for PBXNativeTarget "sampleCITests" */ = {
			isa = XCConfigurationList;
			buildConfigurations = (
				A9DD730D241FF3BE00B25101 /* Debug */,
				A9DD730E241FF3BE00B25101 /* Release */,
			);
			defaultConfigurationIsVisible = 0;
			defaultConfigurationName = Release;
		};
		A9DD730F241FF3BE00B25101 /* Build configuration list for PBXNativeTarget "sampleCIUITests" */ = {
			isa = XCConfigurationList;
			buildConfigurations = (
				A9DD7310241FF3BE00B25101 /* Debug */,
				A9DD7311241FF3BE00B25101 /* Release */,
			);
			defaultConfigurationIsVisible = 0;
			defaultConfigurationName = Release;
		};
/* End XCConfigurationList section */
	};
	rootObject = A9DD72D7241FF3BC00B25101 /* Project object */;
}
